
Microsoft Visual Studio Solution File, Format Version 12.00
# Visual Studio 2012
Project("{FAE04EC0-301F-11D3-BF4B-00C04F79EFBC}") = "mapKnight Android", "mapKnight\mapKnight Android.csproj", "{8F24F11B-E35E-4030-ACDF-703B981B4AC4}"
EndProject
Project("{FAE04EC0-301F-11D3-BF4B-00C04F79EFBC}") = "mapKnight Library", "mapKnightLibrary\mapKnight Library.csproj", "{F98F4827-AD76-4E97-8088-911127F28F52}"
EndProject
Project("{2150E333-8FDC-42A3-9474-1A3956D46DE8}") = "Solution Items", "Solution Items", "{C5E559D1-E576-4145-910D-A9041F30201A}"
	ProjectSection(SolutionItems) = preProject
		Changelog.txt = Changelog.txt
	EndProjectSection
EndProject
Global
	GlobalSection(SolutionConfigurationPlatforms) = preSolution
		Debug|Any CPU = Debug|Any CPU
		Release|Any CPU = Release|Any CPU
	EndGlobalSection
	GlobalSection(ProjectConfigurationPlatforms) = postSolution
		{8F24F11B-E35E-4030-ACDF-703B981B4AC4}.Debug|Any CPU.ActiveCfg = Debug|Any CPU
		{8F24F11B-E35E-4030-ACDF-703B981B4AC4}.Debug|Any CPU.Build.0 = Debug|Any CPU
		{8F24F11B-E35E-4030-ACDF-703B981B4AC4}.Release|Any CPU.ActiveCfg = Release|Any CPU
		{8F24F11B-E35E-4030-ACDF-703B981B4AC4}.Release|Any CPU.Build.0 = Release|Any CPU
		{F98F4827-AD76-4E97-8088-911127F28F52}.Debug|Any CPU.ActiveCfg = Debug|Any CPU
		{F98F4827-AD76-4E97-8088-911127F28F52}.Debug|Any CPU.Build.0 = Debug|Any CPU
		{F98F4827-AD76-4E97-8088-911127F28F52}.Release|Any CPU.ActiveCfg = Release|Any CPU
		{F98F4827-AD76-4E97-8088-911127F28F52}.Release|Any CPU.Build.0 = Release|Any CPU
	EndGlobalSection
	GlobalSection(NestedProjects) = preSolution
	EndGlobalSection
EndGlobal
